
Microsoft Visual Studio Solution File, Format Version 12.00
# Visual Studio Version 17
VisualStudioVersion = 17.10.35013.160
MinimumVisualStudioVersion = 10.0.40219.1
Project("{FAE04EC0-301F-11D3-BF4B-00C04F79EFBC}") = "PRA - 15.10. projekt", "PRA - 15.10. projekt\PRA - 15.10. projekt.csproj", "{03C02D37-E99E-4AA8-952D-8FE41DD0EFD2}"
EndProject
Global
	GlobalSection(SolutionConfigurationPlatforms) = preSolution
		Debug|Any CPU = Debug|Any CPU
		Release|Any CPU = Release|Any CPU
	EndGlobalSection
	GlobalSection(ProjectConfigurationPlatforms) = postSolution
		{03C02D37-E99E-4AA8-952D-8FE41DD0EFD2}.Debug|Any CPU.ActiveCfg = Debug|Any CPU
		{03C02D37-E99E-4AA8-952D-8FE41DD0EFD2}.Debug|Any CPU.Build.0 = Debug|Any CPU
		{03C02D37-E99E-4AA8-952D-8FE41DD0EFD2}.Release|Any CPU.ActiveCfg = Release|Any CPU
		{03C02D37-E99E-4AA8-952D-8FE41DD0EFD2}.Release|Any CPU.Build.0 = Release|Any CPU
	EndGlobalSection
	GlobalSection(SolutionProperties) = preSolution
		HideSolutionNode = FALSE
	EndGlobalSection
	GlobalSection(ExtensibilityGlobals) = postSolution
		SolutionGuid = {44E931A2-9B4D-46A4-BC61-EF170063C069}
	EndGlobalSection
EndGlobal
